
Microsoft Visual Studio Solution File, Format Version 12.00
# Visual Studio Version 16
VisualStudioVersion = 16.0.31025.194
MinimumVisualStudioVersion = 10.0.40219.1
Project("{FAE04EC0-301F-11D3-BF4B-00C04F79EFBC}") = "Presentation", "Presentation\Presentation.csproj", "{86F9D365-6D84-4E9E-859F-3A4DB47FE1A2}"
EndProject
Project("{FAE04EC0-301F-11D3-BF4B-00C04F79EFBC}") = "Data", "Data\Data.csproj", "{1B749A7B-3CCD-46BF-A094-7573DAA37C6A}"
EndProject
Project("{FAE04EC0-301F-11D3-BF4B-00C04F79EFBC}") = "DataAccess", "DataAccess\DataAccess.csproj", "{C23833B8-8EB2-4E6F-AF48-79CA1635FF91}"
EndProject
Project("{FAE04EC0-301F-11D3-BF4B-00C04F79EFBC}") = "Utils", "Utils\Utils.csproj", "{B0B5DE7F-F5ED-4110-863F-211029B2F682}"
EndProject
Global
	GlobalSection(SolutionConfigurationPlatforms) = preSolution
		Debug|Any CPU = Debug|Any CPU
		Release|Any CPU = Release|Any CPU
	EndGlobalSection
	GlobalSection(ProjectConfigurationPlatforms) = postSolution
		{86F9D365-6D84-4E9E-859F-3A4DB47FE1A2}.Debug|Any CPU.ActiveCfg = Debug|Any CPU
		{86F9D365-6D84-4E9E-859F-3A4DB47FE1A2}.Debug|Any CPU.Build.0 = Debug|Any CPU
		{86F9D365-6D84-4E9E-859F-3A4DB47FE1A2}.Release|Any CPU.ActiveCfg = Release|Any CPU
		{86F9D365-6D84-4E9E-859F-3A4DB47FE1A2}.Release|Any CPU.Build.0 = Release|Any CPU
		{1B749A7B-3CCD-46BF-A094-7573DAA37C6A}.Debug|Any CPU.ActiveCfg = Debug|Any CPU
		{1B749A7B-3CCD-46BF-A094-7573DAA37C6A}.Debug|Any CPU.Build.0 = Debug|Any CPU
		{1B749A7B-3CCD-46BF-A094-7573DAA37C6A}.Release|Any CPU.ActiveCfg = Release|Any CPU
		{1B749A7B-3CCD-46BF-A094-7573DAA37C6A}.Release|Any CPU.Build.0 = Release|Any CPU
		{C23833B8-8EB2-4E6F-AF48-79CA1635FF91}.Debug|Any CPU.ActiveCfg = Debug|Any CPU
		{C23833B8-8EB2-4E6F-AF48-79CA1635FF91}.Debug|Any CPU.Build.0 = Debug|Any CPU
		{C23833B8-8EB2-4E6F-AF48-79CA1635FF91}.Release|Any CPU.ActiveCfg = Release|Any CPU
		{C23833B8-8EB2-4E6F-AF48-79CA1635FF91}.Release|Any CPU.Build.0 = Release|Any CPU
		{B0B5DE7F-F5ED-4110-863F-211029B2F682}.Debug|Any CPU.ActiveCfg = Debug|Any CPU
		{B0B5DE7F-F5ED-4110-863F-211029B2F682}.Debug|Any CPU.Build.0 = Debug|Any CPU
		{B0B5DE7F-F5ED-4110-863F-211029B2F682}.Release|Any CPU.ActiveCfg = Release|Any CPU
		{B0B5DE7F-F5ED-4110-863F-211029B2F682}.Release|Any CPU.Build.0 = Release|Any CPU
	EndGlobalSection
	GlobalSection(SolutionProperties) = preSolution
		HideSolutionNode = FALSE
	EndGlobalSection
	GlobalSection(ExtensibilityGlobals) = postSolution
		SolutionGuid = {6933CF24-94E2-45CD-AF45-31F90035D49C}
	EndGlobalSection
EndGlobal
